
Microsoft Visual Studio Solution File, Format Version 12.00
# Visual Studio Version 17
VisualStudioVersion = 17.6.33723.286
MinimumVisualStudioVersion = 10.0.40219.1
Project("{9A19103F-16F7-4668-BE54-9A1E7A4F7556}") = "BookDiaryApplication.Data", "BookDiaryApplication.Data\BookDiaryApplication.Data.csproj", "{CA1403AC-538F-4CD2-A6B2-F834B20EC846}"
EndProject
Project("{9A19103F-16F7-4668-BE54-9A1E7A4F7556}") = "BookDiaryApplication.Interfaces", "BookDiaryApplication.Interfaces\BookDiaryApplication.Interfaces.csproj", "{2DE29EDD-0464-4D55-B4B8-A6CA4FABA351}"
EndProject
Project("{9A19103F-16F7-4668-BE54-9A1E7A4F7556}") = "BookDiaryApplication.Core", "BookDiaryApplication.Core\BookDiaryApplication.Core.csproj", "{9EA29948-0585-4F76-B071-3ED3FE2BA6A1}"
EndProject
Project("{9A19103F-16F7-4668-BE54-9A1E7A4F7556}") = "BookDiaryApplication.Infrastructure", "BookDiaryApplication.Infrastructure\BookDiaryApplication.Infrastructure.csproj", "{1941A677-8FAF-41E8-BE6E-51DDB077740C}"
EndProject
Project("{FAE04EC0-301F-11D3-BF4B-00C04F79EFBC}") = "BookDiaryApplication.Web", "BookDiaryApplication.Web\BookDiaryApplication.Web.csproj", "{75F1172E-BB8C-41BD-9B86-822D78B30FE0}"
EndProject
Global
	GlobalSection(SolutionConfigurationPlatforms) = preSolution
		Debug|Any CPU = Debug|Any CPU
		Release|Any CPU = Release|Any CPU
	EndGlobalSection
	GlobalSection(ProjectConfigurationPlatforms) = postSolution
		{CA1403AC-538F-4CD2-A6B2-F834B20EC846}.Debug|Any CPU.ActiveCfg = Debug|Any CPU
		{CA1403AC-538F-4CD2-A6B2-F834B20EC846}.Debug|Any CPU.Build.0 = Debug|Any CPU
		{CA1403AC-538F-4CD2-A6B2-F834B20EC846}.Release|Any CPU.ActiveCfg = Release|Any CPU
		{CA1403AC-538F-4CD2-A6B2-F834B20EC846}.Release|Any CPU.Build.0 = Release|Any CPU
		{2DE29EDD-0464-4D55-B4B8-A6CA4FABA351}.Debug|Any CPU.ActiveCfg = Debug|Any CPU
		{2DE29EDD-0464-4D55-B4B8-A6CA4FABA351}.Debug|Any CPU.Build.0 = Debug|Any CPU
		{2DE29EDD-0464-4D55-B4B8-A6CA4FABA351}.Release|Any CPU.ActiveCfg = Release|Any CPU
		{2DE29EDD-0464-4D55-B4B8-A6CA4FABA351}.Release|Any CPU.Build.0 = Release|Any CPU
		{9EA29948-0585-4F76-B071-3ED3FE2BA6A1}.Debug|Any CPU.ActiveCfg = Debug|Any CPU
		{9EA29948-0585-4F76-B071-3ED3FE2BA6A1}.Debug|Any CPU.Build.0 = Debug|Any CPU
		{9EA29948-0585-4F76-B071-3ED3FE2BA6A1}.Release|Any CPU.ActiveCfg = Release|Any CPU
		{9EA29948-0585-4F76-B071-3ED3FE2BA6A1}.Release|Any CPU.Build.0 = Release|Any CPU
		{1941A677-8FAF-41E8-BE6E-51DDB077740C}.Debug|Any CPU.ActiveCfg = Debug|Any CPU
		{1941A677-8FAF-41E8-BE6E-51DDB077740C}.Debug|Any CPU.Build.0 = Debug|Any CPU
		{1941A677-8FAF-41E8-BE6E-51DDB077740C}.Release|Any CPU.ActiveCfg = Release|Any CPU
		{1941A677-8FAF-41E8-BE6E-51DDB077740C}.Release|Any CPU.Build.0 = Release|Any CPU
		{75F1172E-BB8C-41BD-9B86-822D78B30FE0}.Debug|Any CPU.ActiveCfg = Debug|Any CPU
		{75F1172E-BB8C-41BD-9B86-822D78B30FE0}.Debug|Any CPU.Build.0 = Debug|Any CPU
		{75F1172E-BB8C-41BD-9B86-822D78B30FE0}.Release|Any CPU.ActiveCfg = Release|Any CPU
		{75F1172E-BB8C-41BD-9B86-822D78B30FE0}.Release|Any CPU.Build.0 = Release|Any CPU
	EndGlobalSection
	GlobalSection(SolutionProperties) = preSolution
		HideSolutionNode = FALSE
	EndGlobalSection
	GlobalSection(ExtensibilityGlobals) = postSolution
		SolutionGuid = {8D2E2106-DA9A-44B4-871E-159B0C7B49D7}
	EndGlobalSection
EndGlobal
